
Microsoft Visual Studio Solution File, Format Version 12.00
# Visual Studio Version 17
VisualStudioVersion = 17.8.34511.84
MinimumVisualStudioVersion = 10.0.40219.1
Project("{FAE04EC0-301F-11D3-BF4B-00C04F79EFBC}") = "Pruebas", "Pruebas\Pruebas.csproj", "{076ACB82-B652-4CC3-B678-4188CED25331}"
EndProject
Global
	GlobalSection(SolutionConfigurationPlatforms) = preSolution
		Debug|Any CPU = Debug|Any CPU
		Release|Any CPU = Release|Any CPU
	EndGlobalSection
	GlobalSection(ProjectConfigurationPlatforms) = postSolution
		{076ACB82-B652-4CC3-B678-4188CED25331}.Debug|Any CPU.ActiveCfg = Debug|Any CPU
		{076ACB82-B652-4CC3-B678-4188CED25331}.Debug|Any CPU.Build.0 = Debug|Any CPU
		{076ACB82-B652-4CC3-B678-4188CED25331}.Release|Any CPU.ActiveCfg = Release|Any CPU
		{076ACB82-B652-4CC3-B678-4188CED25331}.Release|Any CPU.Build.0 = Release|Any CPU
	EndGlobalSection
	GlobalSection(SolutionProperties) = preSolution
		HideSolutionNode = FALSE
	EndGlobalSection
	GlobalSection(ExtensibilityGlobals) = postSolution
		SolutionGuid = {3BC7B86F-BE94-4222-AAB1-68D8712AC679}
	EndGlobalSection
EndGlobal
